
Microsoft Visual Studio Solution File, Format Version 12.00
# Visual Studio Version 17
VisualStudioVersion = 17.7.34031.279
MinimumVisualStudioVersion = 10.0.40219.1
Project("{9A19103F-16F7-4668-BE54-9A1E7A4F7556}") = "FileManager", "test\FileManager.csproj", "{60606C2B-D3C6-4915-9B05-4AD64F40A9C0}"
EndProject
Global
	GlobalSection(SolutionConfigurationPlatforms) = preSolution
		Debug|Any CPU = Debug|Any CPU
		Release|Any CPU = Release|Any CPU
	EndGlobalSection
	GlobalSection(ProjectConfigurationPlatforms) = postSolution
		{60606C2B-D3C6-4915-9B05-4AD64F40A9C0}.Debug|Any CPU.ActiveCfg = Debug|Any CPU
		{60606C2B-D3C6-4915-9B05-4AD64F40A9C0}.Debug|Any CPU.Build.0 = Debug|Any CPU
		{60606C2B-D3C6-4915-9B05-4AD64F40A9C0}.Release|Any CPU.ActiveCfg = Release|Any CPU
		{60606C2B-D3C6-4915-9B05-4AD64F40A9C0}.Release|Any CPU.Build.0 = Release|Any CPU
	EndGlobalSection
	GlobalSection(SolutionProperties) = preSolution
		HideSolutionNode = FALSE
	EndGlobalSection
	GlobalSection(ExtensibilityGlobals) = postSolution
		SolutionGuid = {9E743FC7-395A-4020-8F43-51A64C7F3864}
	EndGlobalSection
EndGlobal
